
Microsoft Visual Studio Solution File, Format Version 12.00
# Visual Studio Version 17
VisualStudioVersion = 17.5.2.0
MinimumVisualStudioVersion = 10.0.40219.1
Project("{FAE04EC0-301F-11D3-BF4B-00C04F79EFBC}") = "Server", "server\Server.csproj", "{3461765F-60A1-21BC-764E-FC799869FE2F}"
EndProject
Project("{FAE04EC0-301F-11D3-BF4B-00C04F79EFBC}") = "DataModels", "DataModels\DataModels.csproj", "{A1C26522-5185-7973-15D6-B5E6B34E1199}"
EndProject
Project("{FAE04EC0-301F-11D3-BF4B-00C04F79EFBC}") = "Tools", "Tools\Tools.csproj", "{0F356C6B-EA8A-4CF7-B697-1C3C3DCB68CD}"
EndProject
Project("{2150E333-8FDC-42A3-9474-1A3956D46DE8}") = "OperatorSystems", "OperatorSystems", "{CD3068DC-2F86-484C-BB11-46EFEC236B7B}"
EndProject
Project("{2150E333-8FDC-42A3-9474-1A3956D46DE8}") = "SensorSystems", "SensorSystems", "{29A09A14-64CA-93FD-3CB0-5B37925AEFD3}"
EndProject
Project("{FAE04EC0-301F-11D3-BF4B-00C04F79EFBC}") = "SensorSystems", "SensorSystems\SensorSystems\SensorSystems.csproj", "{FF300999-9D0E-46EB-BA9B-E51D4CFC6A99}"
EndProject
Project("{FAE04EC0-301F-11D3-BF4B-00C04F79EFBC}") = "KashefSystem", "SensorSystems\KashefSystem\KashefSystem.csproj", "{71105F0F-CE3F-45FB-A7AC-E0F00BB8CC16}"
EndProject
Project("{FAE04EC0-301F-11D3-BF4B-00C04F79EFBC}") = "OperatorSystems", "OperatorSystems\OperatorSystems\OperatorSystems.csproj", "{9D37AA7E-05DA-43BA-8F5F-A4F36A3E460F}"
EndProject
Project("{FAE04EC0-301F-11D3-BF4B-00C04F79EFBC}") = "SadidSystem", "OperatorSystems\SadidSystem\SadidSystem.csproj", "{6F35CF66-AE0F-4B3F-A85F-7DF2C0179A96}"
EndProject
Project("{FAE04EC0-301F-11D3-BF4B-00C04F79EFBC}") = "DefaultSystem", "OperatorSystems\DefaultSystem\DefaultSystem.csproj", "{47F57845-76DE-4EAD-A2CC-56AE5CAC925E}"
EndProject
Project("{FAE04EC0-301F-11D3-BF4B-00C04F79EFBC}") = "MonirSystem", "SensorSystems\MonirSystem\MonirSystem.csproj", "{D5E9FC7B-E0B4-4E0B-96EB-2952F46D73EF}"
EndProject
Global
	GlobalSection(SolutionConfigurationPlatforms) = preSolution
		Debug|Any CPU = Debug|Any CPU
		Release|Any CPU = Release|Any CPU
	EndGlobalSection
	GlobalSection(ProjectConfigurationPlatforms) = postSolution
		{3461765F-60A1-21BC-764E-FC799869FE2F}.Debug|Any CPU.ActiveCfg = Debug|Any CPU
		{3461765F-60A1-21BC-764E-FC799869FE2F}.Debug|Any CPU.Build.0 = Debug|Any CPU
		{3461765F-60A1-21BC-764E-FC799869FE2F}.Release|Any CPU.ActiveCfg = Release|Any CPU
		{3461765F-60A1-21BC-764E-FC799869FE2F}.Release|Any CPU.Build.0 = Release|Any CPU
		{A1C26522-5185-7973-15D6-B5E6B34E1199}.Debug|Any CPU.ActiveCfg = Debug|Any CPU
		{A1C26522-5185-7973-15D6-B5E6B34E1199}.Debug|Any CPU.Build.0 = Debug|Any CPU
		{A1C26522-5185-7973-15D6-B5E6B34E1199}.Release|Any CPU.ActiveCfg = Release|Any CPU
		{A1C26522-5185-7973-15D6-B5E6B34E1199}.Release|Any CPU.Build.0 = Release|Any CPU
		{0F356C6B-EA8A-4CF7-B697-1C3C3DCB68CD}.Debug|Any CPU.ActiveCfg = Debug|Any CPU
		{0F356C6B-EA8A-4CF7-B697-1C3C3DCB68CD}.Debug|Any CPU.Build.0 = Debug|Any CPU
		{0F356C6B-EA8A-4CF7-B697-1C3C3DCB68CD}.Release|Any CPU.ActiveCfg = Release|Any CPU
		{0F356C6B-EA8A-4CF7-B697-1C3C3DCB68CD}.Release|Any CPU.Build.0 = Release|Any CPU
		{FF300999-9D0E-46EB-BA9B-E51D4CFC6A99}.Debug|Any CPU.ActiveCfg = Debug|Any CPU
		{FF300999-9D0E-46EB-BA9B-E51D4CFC6A99}.Debug|Any CPU.Build.0 = Debug|Any CPU
		{FF300999-9D0E-46EB-BA9B-E51D4CFC6A99}.Release|Any CPU.ActiveCfg = Release|Any CPU
		{FF300999-9D0E-46EB-BA9B-E51D4CFC6A99}.Release|Any CPU.Build.0 = Release|Any CPU
		{71105F0F-CE3F-45FB-A7AC-E0F00BB8CC16}.Debug|Any CPU.ActiveCfg = Debug|Any CPU
		{71105F0F-CE3F-45FB-A7AC-E0F00BB8CC16}.Debug|Any CPU.Build.0 = Debug|Any CPU
		{71105F0F-CE3F-45FB-A7AC-E0F00BB8CC16}.Release|Any CPU.ActiveCfg = Release|Any CPU
		{71105F0F-CE3F-45FB-A7AC-E0F00BB8CC16}.Release|Any CPU.Build.0 = Release|Any CPU
		{9D37AA7E-05DA-43BA-8F5F-A4F36A3E460F}.Debug|Any CPU.ActiveCfg = Debug|Any CPU
		{9D37AA7E-05DA-43BA-8F5F-A4F36A3E460F}.Debug|Any CPU.Build.0 = Debug|Any CPU
		{9D37AA7E-05DA-43BA-8F5F-A4F36A3E460F}.Release|Any CPU.ActiveCfg = Release|Any CPU
		{9D37AA7E-05DA-43BA-8F5F-A4F36A3E460F}.Release|Any CPU.Build.0 = Release|Any CPU
		{6F35CF66-AE0F-4B3F-A85F-7DF2C0179A96}.Debug|Any CPU.ActiveCfg = Debug|Any CPU
		{6F35CF66-AE0F-4B3F-A85F-7DF2C0179A96}.Debug|Any CPU.Build.0 = Debug|Any CPU
		{6F35CF66-AE0F-4B3F-A85F-7DF2C0179A96}.Release|Any CPU.ActiveCfg = Release|Any CPU
		{6F35CF66-AE0F-4B3F-A85F-7DF2C0179A96}.Release|Any CPU.Build.0 = Release|Any CPU
		{47F57845-76DE-4EAD-A2CC-56AE5CAC925E}.Debug|Any CPU.ActiveCfg = Debug|Any CPU
		{47F57845-76DE-4EAD-A2CC-56AE5CAC925E}.Debug|Any CPU.Build.0 = Debug|Any CPU
		{47F57845-76DE-4EAD-A2CC-56AE5CAC925E}.Release|Any CPU.ActiveCfg = Release|Any CPU
		{47F57845-76DE-4EAD-A2CC-56AE5CAC925E}.Release|Any CPU.Build.0 = Release|Any CPU
		{D5E9FC7B-E0B4-4E0B-96EB-2952F46D73EF}.Debug|Any CPU.ActiveCfg = Debug|Any CPU
		{D5E9FC7B-E0B4-4E0B-96EB-2952F46D73EF}.Debug|Any CPU.Build.0 = Debug|Any CPU
		{D5E9FC7B-E0B4-4E0B-96EB-2952F46D73EF}.Release|Any CPU.ActiveCfg = Release|Any CPU
		{D5E9FC7B-E0B4-4E0B-96EB-2952F46D73EF}.Release|Any CPU.Build.0 = Release|Any CPU
	EndGlobalSection
	GlobalSection(SolutionProperties) = preSolution
		HideSolutionNode = FALSE
	EndGlobalSection
	GlobalSection(NestedProjects) = preSolution
		{FF300999-9D0E-46EB-BA9B-E51D4CFC6A99} = {29A09A14-64CA-93FD-3CB0-5B37925AEFD3}
		{71105F0F-CE3F-45FB-A7AC-E0F00BB8CC16} = {29A09A14-64CA-93FD-3CB0-5B37925AEFD3}
		{9D37AA7E-05DA-43BA-8F5F-A4F36A3E460F} = {CD3068DC-2F86-484C-BB11-46EFEC236B7B}
		{6F35CF66-AE0F-4B3F-A85F-7DF2C0179A96} = {CD3068DC-2F86-484C-BB11-46EFEC236B7B}
		{47F57845-76DE-4EAD-A2CC-56AE5CAC925E} = {CD3068DC-2F86-484C-BB11-46EFEC236B7B}
		{D5E9FC7B-E0B4-4E0B-96EB-2952F46D73EF} = {29A09A14-64CA-93FD-3CB0-5B37925AEFD3}
	EndGlobalSection
	GlobalSection(ExtensibilityGlobals) = postSolution
		SolutionGuid = {ECBC16FC-BA4A-4F94-8710-59B61931A6B2}
	EndGlobalSection
EndGlobal
